
Microsoft Visual Studio Solution File, Format Version 12.00
# Visual Studio Version 16
VisualStudioVersion = 16.0.31402.337
MinimumVisualStudioVersion = 10.0.40219.1
Project("{FAE04EC0-301F-11D3-BF4B-00C04F79EFBC}") = "dyn-mining-pool", "dyn-mining-pool\dyn-mining-pool.csproj", "{60018305-8C73-4F84-955D-BB01065FB95D}"
EndProject
Global
	GlobalSection(SolutionConfigurationPlatforms) = preSolution
		Debug|Any CPU = Debug|Any CPU
		Release|Any CPU = Release|Any CPU
	EndGlobalSection
	GlobalSection(ProjectConfigurationPlatforms) = postSolution
		{60018305-8C73-4F84-955D-BB01065FB95D}.Debug|Any CPU.ActiveCfg = Debug|Any CPU
		{60018305-8C73-4F84-955D-BB01065FB95D}.Debug|Any CPU.Build.0 = Debug|Any CPU
		{60018305-8C73-4F84-955D-BB01065FB95D}.Release|Any CPU.ActiveCfg = Release|Any CPU
		{60018305-8C73-4F84-955D-BB01065FB95D}.Release|Any CPU.Build.0 = Release|Any CPU
	EndGlobalSection
	GlobalSection(SolutionProperties) = preSolution
		HideSolutionNode = FALSE
	EndGlobalSection
	GlobalSection(ExtensibilityGlobals) = postSolution
		SolutionGuid = {989C641F-A58D-484E-8001-3131BD108FA2}
	EndGlobalSection
EndGlobal
